// !$*UTF8*$!
{
	archiveVersion = 1;
	classes = {
	};
	objectVersion = 56;
	objects = {

/* Begin PBXBuildFile section */
		8C1F4FA42C3670C700B19F72 /* ScreenController.swift in Sources */ = {isa = PBXBuildFile; fileRef = 8C1F4FA12C3670C700B19F72 /* ScreenController.swift */; };
		8C1F4FA52C3670C700B19F72 /* ScreenView.swift in Sources */ = {isa = PBXBuildFile; fileRef = 8C1F4FA22C3670C700B19F72 /* ScreenView.swift */; };
		8C1F4FC72C3674BF00B19F72 /* Settings in Frameworks */ = {isa = PBXBuildFile; productRef = 8C1F4FC62C3674BF00B19F72 /* Settings */; };
		8C1F4FC92C367A1500B19F72 /* SettingsController.swift in Sources */ = {isa = PBXBuildFile; fileRef = 8C1F4FC82C367A1500B19F72 /* SettingsController.swift */; };
		8C1F4FCE2C36874C00B19F72 /* LabeledStepper.swift in Sources */ = {isa = PBXBuildFile; fileRef = 8C1F4FCD2C36874C00B19F72 /* LabeledStepper.swift */; };
		8C1F4FD02C368F7400B19F72 /* String+.swift in Sources */ = {isa = PBXBuildFile; fileRef = 8C1F4FCF2C368F7400B19F72 /* String+.swift */; };
		8C1F4FD42C36A92000B19F72 /* TimerOB.swift in Sources */ = {isa = PBXBuildFile; fileRef = 8C1F4FD32C36A92000B19F72 /* TimerOB.swift */; };
		8C26005F2C11C7C500AF1FE9 /* MacApp.swift in Sources */ = {isa = PBXBuildFile; fileRef = 8C26005E2C11C7C500AF1FE9 /* MacApp.swift */; };
		8C2600632C11C7C600AF1FE9 /* Assets.xcassets in Resources */ = {isa = PBXBuildFile; fileRef = 8C2600622C11C7C600AF1FE9 /* Assets.xcassets */; };
		8C2600662C11C7C600AF1FE9 /* Preview Assets.xcassets in Resources */ = {isa = PBXBuildFile; fileRef = 8C2600652C11C7C600AF1FE9 /* Preview Assets.xcassets */; };
		8C26006E2C129E5F00AF1FE9 /* HomeView.swift in Sources */ = {isa = PBXBuildFile; fileRef = 8C26006D2C129E5F00AF1FE9 /* HomeView.swift */; };
		8C8249882C24058F004F1FE2 /* SettingView.swift in Sources */ = {isa = PBXBuildFile; fileRef = 8C8249872C24058F004F1FE2 /* SettingView.swift */; };
		8C82498C2C2405B5004F1FE2 /* ThemeView.swift in Sources */ = {isa = PBXBuildFile; fileRef = 8C82498B2C2405B5004F1FE2 /* ThemeView.swift */; };
		8C8249902C2405CD004F1FE2 /* AboutView.swift in Sources */ = {isa = PBXBuildFile; fileRef = 8C82498F2C2405CD004F1FE2 /* AboutView.swift */; };
		8C82499F2C253935004F1FE2 /* Localizable.xcstrings in Resources */ = {isa = PBXBuildFile; fileRef = 8C82499E2C253935004F1FE2 /* Localizable.xcstrings */; };
		8C8249A32C2553E0004F1FE2 /* ForEach++.swift in Sources */ = {isa = PBXBuildFile; fileRef = 8C8249A22C2553E0004F1FE2 /* ForEach++.swift */; };
		8C8249A52C2558A1004F1FE2 /* ProgressBarView.swift in Sources */ = {isa = PBXBuildFile; fileRef = 8C8249A42C2558A1004F1FE2 /* ProgressBarView.swift */; };
/* End PBXBuildFile section */

/* Begin PBXFileReference section */
		8C1F4FA12C3670C700B19F72 /* ScreenController.swift */ = {isa = PBXFileReference; fileEncoding = 4; lastKnownFileType = sourcecode.swift; path = ScreenController.swift; sourceTree = "<group>"; };
		8C1F4FA22C3670C700B19F72 /* ScreenView.swift */ = {isa = PBXFileReference; fileEncoding = 4; lastKnownFileType = sourcecode.swift; path = ScreenView.swift; sourceTree = "<group>"; };
		8C1F4FC82C367A1500B19F72 /* SettingsController.swift */ = {isa = PBXFileReference; lastKnownFileType = sourcecode.swift; path = SettingsController.swift; sourceTree = "<group>"; };
		8C1F4FCD2C36874C00B19F72 /* LabeledStepper.swift */ = {isa = PBXFileReference; fileEncoding = 4; lastKnownFileType = sourcecode.swift; path = LabeledStepper.swift; sourceTree = "<group>"; };
		8C1F4FCF2C368F7400B19F72 /* String+.swift */ = {isa = PBXFileReference; lastKnownFileType = sourcecode.swift; path = "String+.swift"; sourceTree = "<group>"; };
		8C1F4FD32C36A92000B19F72 /* TimerOB.swift */ = {isa = PBXFileReference; lastKnownFileType = sourcecode.swift; path = TimerOB.swift; sourceTree = "<group>"; };
		8C26005B2C11C7C500AF1FE9 /* Mac.app */ = {isa = PBXFileReference; explicitFileType = wrapper.application; includeInIndex = 0; path = Mac.app; sourceTree = BUILT_PRODUCTS_DIR; };
		8C26005E2C11C7C500AF1FE9 /* MacApp.swift */ = {isa = PBXFileReference; lastKnownFileType = sourcecode.swift; path = MacApp.swift; sourceTree = "<group>"; };
		8C2600622C11C7C600AF1FE9 /* Assets.xcassets */ = {isa = PBXFileReference; lastKnownFileType = folder.assetcatalog; path = Assets.xcassets; sourceTree = "<group>"; };
		8C2600652C11C7C600AF1FE9 /* Preview Assets.xcassets */ = {isa = PBXFileReference; lastKnownFileType = folder.assetcatalog; path = "Preview Assets.xcassets"; sourceTree = "<group>"; };
		8C2600672C11C7C600AF1FE9 /* Mac.entitlements */ = {isa = PBXFileReference; lastKnownFileType = text.plist.entitlements; path = Mac.entitlements; sourceTree = "<group>"; };
		8C26006D2C129E5F00AF1FE9 /* HomeView.swift */ = {isa = PBXFileReference; lastKnownFileType = sourcecode.swift; path = HomeView.swift; sourceTree = "<group>"; };
		8C8249872C24058F004F1FE2 /* SettingView.swift */ = {isa = PBXFileReference; lastKnownFileType = sourcecode.swift; path = SettingView.swift; sourceTree = "<group>"; };
		8C82498B2C2405B5004F1FE2 /* ThemeView.swift */ = {isa = PBXFileReference; lastKnownFileType = sourcecode.swift; path = ThemeView.swift; sourceTree = "<group>"; };
		8C82498F2C2405CD004F1FE2 /* AboutView.swift */ = {isa = PBXFileReference; lastKnownFileType = sourcecode.swift; path = AboutView.swift; sourceTree = "<group>"; };
		8C82499E2C253935004F1FE2 /* Localizable.xcstrings */ = {isa = PBXFileReference; lastKnownFileType = text.json.xcstrings; path = Localizable.xcstrings; sourceTree = "<group>"; };
		8C8249A02C254E45004F1FE2 /* Info.plist */ = {isa = PBXFileReference; lastKnownFileType = text.plist; path = Info.plist; sourceTree = "<group>"; };
		8C8249A22C2553E0004F1FE2 /* ForEach++.swift */ = {isa = PBXFileReference; lastKnownFileType = sourcecode.swift; path = "ForEach++.swift"; sourceTree = "<group>"; };
		8C8249A42C2558A1004F1FE2 /* ProgressBarView.swift */ = {isa = PBXFileReference; lastKnownFileType = sourcecode.swift; path = ProgressBarView.swift; sourceTree = "<group>"; };
/* End PBXFileReference section */

/* Begin PBXFrameworksBuildPhase section */
		8C2600582C11C7C500AF1FE9 /* Frameworks */ = {
			isa = PBXFrameworksBuildPhase;
			buildActionMask = 2147483647;
			files = (
				8C1F4FC72C3674BF00B19F72 /* Settings in Frameworks */,
			);
			runOnlyForDeploymentPostprocessing = 0;
		};
/* End PBXFrameworksBuildPhase section */

/* Begin PBXGroup section */
		8C1F4FA32C3670C700B19F72 /* Screen */ = {
			isa = PBXGroup;
			children = (
				8C1F4FA12C3670C700B19F72 /* ScreenController.swift */,
				8C1F4FA22C3670C700B19F72 /* ScreenView.swift */,
			);
			path = Screen;
			sourceTree = "<group>";
		};
		8C2600522C11C7C500AF1FE9 = {
			isa = PBXGroup;
			children = (
				8C26005D2C11C7C500AF1FE9 /* Mac */,
				8C26005C2C11C7C500AF1FE9 /* Products */,
			);
			sourceTree = "<group>";
		};
		8C26005C2C11C7C500AF1FE9 /* Products */ = {
			isa = PBXGroup;
			children = (
				8C26005B2C11C7C500AF1FE9 /* Mac.app */,
			);
			name = Products;
			sourceTree = "<group>";
		};
		8C26005D2C11C7C500AF1FE9 /* Mac */ = {
			isa = PBXGroup;
			children = (
				8C8249A02C254E45004F1FE2 /* Info.plist */,
				8C26005E2C11C7C500AF1FE9 /* MacApp.swift */,
				8C1F4FD32C36A92000B19F72 /* TimerOB.swift */,
				8C82499E2C253935004F1FE2 /* Localizable.xcstrings */,
				8C8249A12C2553C2004F1FE2 /* Tools */,
				8CBF2DB82C1313BC00EA413F /* PopMenu */,
				8C1F4FA32C3670C700B19F72 /* Screen */,
				8C8249862C240513004F1FE2 /* Setting */,
				8C2600622C11C7C600AF1FE9 /* Assets.xcassets */,
				8C2600672C11C7C600AF1FE9 /* Mac.entitlements */,
				8C2600642C11C7C600AF1FE9 /* Preview Content */,
			);
			path = Mac;
			sourceTree = "<group>";
		};
		8C2600642C11C7C600AF1FE9 /* Preview Content */ = {
			isa = PBXGroup;
			children = (
				8C2600652C11C7C600AF1FE9 /* Preview Assets.xcassets */,
			);
			path = "Preview Content";
			sourceTree = "<group>";
		};
		8C8249862C240513004F1FE2 /* Setting */ = {
			isa = PBXGroup;
			children = (
				8C1F4FC82C367A1500B19F72 /* SettingsController.swift */,
				8C8249872C24058F004F1FE2 /* SettingView.swift */,
				8C82498B2C2405B5004F1FE2 /* ThemeView.swift */,
				8C82498F2C2405CD004F1FE2 /* AboutView.swift */,
			);
			path = Setting;
			sourceTree = "<group>";
		};
		8C8249A12C2553C2004F1FE2 /* Tools */ = {
			isa = PBXGroup;
			children = (
				8C1F4FCD2C36874C00B19F72 /* LabeledStepper.swift */,
				8C8249A22C2553E0004F1FE2 /* ForEach++.swift */,
				8C1F4FCF2C368F7400B19F72 /* String+.swift */,
			);
			path = Tools;
			sourceTree = "<group>";
		};
		8CBF2DB82C1313BC00EA413F /* PopMenu */ = {
			isa = PBXGroup;
			children = (
				8C26006D2C129E5F00AF1FE9 /* HomeView.swift */,
				8C8249A42C2558A1004F1FE2 /* ProgressBarView.swift */,
			);
			path = PopMenu;
			sourceTree = "<group>";
		};
/* End PBXGroup section */

/* Begin PBXNativeTarget section */
		8C26005A2C11C7C500AF1FE9 /* Mac */ = {
			isa = PBXNativeTarget;
			buildConfigurationList = 8C26006A2C11C7C600AF1FE9 /* Build configuration list for PBXNativeTarget "Mac" */;
			buildPhases = (
				8C2600572C11C7C500AF1FE9 /* Sources */,
				8C2600582C11C7C500AF1FE9 /* Frameworks */,
				8C2600592C11C7C500AF1FE9 /* Resources */,
			);
			buildRules = (
			);
			dependencies = (
			);
			name = Mac;
			packageProductDependencies = (
				8C1F4FC62C3674BF00B19F72 /* Settings */,
			);
			productName = Mac;
			productReference = 8C26005B2C11C7C500AF1FE9 /* Mac.app */;
			productType = "com.apple.product-type.application";
		};
/* End PBXNativeTarget section */

/* Begin PBXProject section */
		8C2600532C11C7C500AF1FE9 /* Project object */ = {
			isa = PBXProject;
			attributes = {
				BuildIndependentTargetsInParallel = 1;
				LastSwiftUpdateCheck = 1540;
				LastUpgradeCheck = 1540;
				TargetAttributes = {
					8C26005A2C11C7C500AF1FE9 = {
						CreatedOnToolsVersion = 15.4;
					};
				};
			};
			buildConfigurationList = 8C2600562C11C7C500AF1FE9 /* Build configuration list for PBXProject "Mac" */;
			compatibilityVersion = "Xcode 14.0";
			developmentRegion = en;
			hasScannedForEncodings = 0;
			knownRegions = (
				en,
				Base,
				"zh-Hans",
			);
			mainGroup = 8C2600522C11C7C500AF1FE9;
			packageReferences = (
				8C1F4FC52C3674BF00B19F72 /* XCRemoteSwiftPackageReference "Settings" */,
			);
			productRefGroup = 8C26005C2C11C7C500AF1FE9 /* Products */;
			projectDirPath = "";
			projectRoot = "";
			targets = (
				8C26005A2C11C7C500AF1FE9 /* Mac */,
			);
		};
/* End PBXProject section */

/* Begin PBXResourcesBuildPhase section */
		8C2600592C11C7C500AF1FE9 /* Resources */ = {
			isa = PBXResourcesBuildPhase;
			buildActionMask = 2147483647;
			files = (
				8C2600662C11C7C600AF1FE9 /* Preview Assets.xcassets in Resources */,
				8C2600632C11C7C600AF1FE9 /* Assets.xcassets in Resources */,
				8C82499F2C253935004F1FE2 /* Localizable.xcstrings in Resources */,
			);
			runOnlyForDeploymentPostprocessing = 0;
		};
/* End PBXResourcesBuildPhase section */

/* Begin PBXSourcesBuildPhase section */
		8C2600572C11C7C500AF1FE9 /* Sources */ = {
			isa = PBXSourcesBuildPhase;
			buildActionMask = 2147483647;
			files = (
				8C1F4FCE2C36874C00B19F72 /* LabeledStepper.swift in Sources */,
				8C1F4FC92C367A1500B19F72 /* SettingsController.swift in Sources */,
				8C26006E2C129E5F00AF1FE9 /* HomeView.swift in Sources */,
				8C1F4FA42C3670C700B19F72 /* ScreenController.swift in Sources */,
				8C8249902C2405CD004F1FE2 /* AboutView.swift in Sources */,
				8C26005F2C11C7C500AF1FE9 /* MacApp.swift in Sources */,
				8C1F4FD42C36A92000B19F72 /* TimerOB.swift in Sources */,
				8C8249A52C2558A1004F1FE2 /* ProgressBarView.swift in Sources */,
				8C8249882C24058F004F1FE2 /* SettingView.swift in Sources */,
				8C8249A32C2553E0004F1FE2 /* ForEach++.swift in Sources */,
				8C82498C2C2405B5004F1FE2 /* ThemeView.swift in Sources */,
				8C1F4FD02C368F7400B19F72 /* String+.swift in Sources */,
				8C1F4FA52C3670C700B19F72 /* ScreenView.swift in Sources */,
			);
			runOnlyForDeploymentPostprocessing = 0;
		};
/* End PBXSourcesBuildPhase section */

/* Begin XCBuildConfiguration section */
		8C2600682C11C7C600AF1FE9 /* Debug */ = {
			isa = XCBuildConfiguration;
			buildSettings = {
				ALWAYS_SEARCH_USER_PATHS = NO;
				ASSETCATALOG_COMPILER_GENERATE_SWIFT_ASSET_SYMBOL_EXTENSIONS = YES;
				CLANG_ANALYZER_NONNULL = YES;
				CLANG_ANALYZER_NUMBER_OBJECT_CONVERSION = YES_AGGRESSIVE;
				CLANG_CXX_LANGUAGE_STANDARD = "gnu++20";
				CLANG_ENABLE_MODULES = YES;
				CLANG_ENABLE_OBJC_ARC = YES;
				CLANG_ENABLE_OBJC_WEAK = YES;
				CLANG_WARN_BLOCK_CAPTURE_AUTORELEASING = YES;
				CLANG_WARN_BOOL_CONVERSION = YES;
				CLANG_WARN_COMMA = YES;
				CLANG_WARN_CONSTANT_CONVERSION = YES;
				CLANG_WARN_DEPRECATED_OBJC_IMPLEMENTATIONS = YES;
				CLANG_WARN_DIRECT_OBJC_ISA_USAGE = YES_ERROR;
				CLANG_WARN_DOCUMENTATION_COMMENTS = YES;
				CLANG_WARN_EMPTY_BODY = YES;
				CLANG_WARN_ENUM_CONVERSION = YES;
				CLANG_WARN_INFINITE_RECURSION = YES;
				CLANG_WARN_INT_CONVERSION = YES;
				CLANG_WARN_NON_LITERAL_NULL_CONVERSION = YES;
				CLANG_WARN_OBJC_IMPLICIT_RETAIN_SELF = YES;
				CLANG_WARN_OBJC_LITERAL_CONVERSION = YES;
				CLANG_WARN_OBJC_ROOT_CLASS = YES_ERROR;
				CLANG_WARN_QUOTED_INCLUDE_IN_FRAMEWORK_HEADER = YES;
				CLANG_WARN_RANGE_LOOP_ANALYSIS = YES;
				CLANG_WARN_STRICT_PROTOTYPES = YES;
				CLANG_WARN_SUSPICIOUS_MOVE = YES;
				CLANG_WARN_UNGUARDED_AVAILABILITY = YES_AGGRESSIVE;
				CLANG_WARN_UNREACHABLE_CODE = YES;
				CLANG_WARN__DUPLICATE_METHOD_MATCH = YES;
				COPY_PHASE_STRIP = NO;
				DEBUG_INFORMATION_FORMAT = dwarf;
				ENABLE_STRICT_OBJC_MSGSEND = YES;
				ENABLE_TESTABILITY = YES;
				ENABLE_USER_SCRIPT_SANDBOXING = YES;
				GCC_C_LANGUAGE_STANDARD = gnu17;
				GCC_DYNAMIC_NO_PIC = NO;
				GCC_NO_COMMON_BLOCKS = YES;
				GCC_OPTIMIZATION_LEVEL = 0;
				GCC_PREPROCESSOR_DEFINITIONS = (
					"DEBUG=1",
					"$(inherited)",
				);
				GCC_WARN_64_TO_32_BIT_CONVERSION = YES;
				GCC_WARN_ABOUT_RETURN_TYPE = YES_ERROR;
				GCC_WARN_UNDECLARED_SELECTOR = YES;
				GCC_WARN_UNINITIALIZED_AUTOS = YES_AGGRESSIVE;
				GCC_WARN_UNUSED_FUNCTION = YES;
				GCC_WARN_UNUSED_VARIABLE = YES;
				LOCALIZATION_PREFERS_STRING_CATALOGS = YES;
				MACOSX_DEPLOYMENT_TARGET = 13.0;
				MTL_ENABLE_DEBUG_INFO = INCLUDE_SOURCE;
				MTL_FAST_MATH = YES;
				ONLY_ACTIVE_ARCH = YES;
				SDKROOT = macosx;
				SWIFT_ACTIVE_COMPILATION_CONDITIONS = "DEBUG $(inherited)";
				SWIFT_OPTIMIZATION_LEVEL = "-Onone";
			};
			name = Debug;
		};
		8C2600692C11C7C600AF1FE9 /* Release */ = {
			isa = XCBuildConfiguration;
			buildSettings = {
				ALWAYS_SEARCH_USER_PATHS = NO;
				ASSETCATALOG_COMPILER_GENERATE_SWIFT_ASSET_SYMBOL_EXTENSIONS = YES;
				CLANG_ANALYZER_NONNULL = YES;
				CLANG_ANALYZER_NUMBER_OBJECT_CONVERSION = YES_AGGRESSIVE;
				CLANG_CXX_LANGUAGE_STANDARD = "gnu++20";
				CLANG_ENABLE_MODULES = YES;
				CLANG_ENABLE_OBJC_ARC = YES;
				CLANG_ENABLE_OBJC_WEAK = YES;
				CLANG_WARN_BLOCK_CAPTURE_AUTORELEASING = YES;
				CLANG_WARN_BOOL_CONVERSION = YES;
				CLANG_WARN_COMMA = YES;
				CLANG_WARN_CONSTANT_CONVERSION = YES;
				CLANG_WARN_DEPRECATED_OBJC_IMPLEMENTATIONS = YES;
				CLANG_WARN_DIRECT_OBJC_ISA_USAGE = YES_ERROR;
				CLANG_WARN_DOCUMENTATION_COMMENTS = YES;
				CLANG_WARN_EMPTY_BODY = YES;
				CLANG_WARN_ENUM_CONVERSION = YES;
				CLANG_WARN_INFINITE_RECURSION = YES;
				CLANG_WARN_INT_CONVERSION = YES;
				CLANG_WARN_NON_LITERAL_NULL_CONVERSION = YES;
				CLANG_WARN_OBJC_IMPLICIT_RETAIN_SELF = YES;
				CLANG_WARN_OBJC_LITERAL_CONVERSION = YES;
				CLANG_WARN_OBJC_ROOT_CLASS = YES_ERROR;
				CLANG_WARN_QUOTED_INCLUDE_IN_FRAMEWORK_HEADER = YES;
				CLANG_WARN_RANGE_LOOP_ANALYSIS = YES;
				CLANG_WARN_STRICT_PROTOTYPES = YES;
				CLANG_WARN_SUSPICIOUS_MOVE = YES;
				CLANG_WARN_UNGUARDED_AVAILABILITY = YES_AGGRESSIVE;
				CLANG_WARN_UNREACHABLE_CODE = YES;
				CLANG_WARN__DUPLICATE_METHOD_MATCH = YES;
				COPY_PHASE_STRIP = NO;
				DEBUG_INFORMATION_FORMAT = "dwarf-with-dsym";
				ENABLE_NS_ASSERTIONS = NO;
				ENABLE_STRICT_OBJC_MSGSEND = YES;
				ENABLE_USER_SCRIPT_SANDBOXING = YES;
				GCC_C_LANGUAGE_STANDARD = gnu17;
				GCC_NO_COMMON_BLOCKS = YES;
				GCC_WARN_64_TO_32_BIT_CONVERSION = YES;
				GCC_WARN_ABOUT_RETURN_TYPE = YES_ERROR;
				GCC_WARN_UNDECLARED_SELECTOR = YES;
				GCC_WARN_UNINITIALIZED_AUTOS = YES_AGGRESSIVE;
				GCC_WARN_UNUSED_FUNCTION = YES;
				GCC_WARN_UNUSED_VARIABLE = YES;
				LOCALIZATION_PREFERS_STRING_CATALOGS = YES;
				MACOSX_DEPLOYMENT_TARGET = 13.0;
				MTL_ENABLE_DEBUG_INFO = NO;
				MTL_FAST_MATH = YES;
				SDKROOT = macosx;
				SWIFT_COMPILATION_MODE = wholemodule;
			};
			name = Release;
		};
		8C26006B2C11C7C600AF1FE9 /* Debug */ = {
			isa = XCBuildConfiguration;
			buildSettings = {
				ASSETCATALOG_COMPILER_APPICON_NAME = AppIcon;
				ASSETCATALOG_COMPILER_GLOBAL_ACCENT_COLOR_NAME = AccentColor;
				CODE_SIGN_ENTITLEMENTS = Mac/Mac.entitlements;
				CODE_SIGN_STYLE = Automatic;
				COMBINE_HIDPI_IMAGES = YES;
				CURRENT_PROJECT_VERSION = 1;
				DEVELOPMENT_ASSET_PATHS = "\"Mac/Preview Content\"";
				DEVELOPMENT_TEAM = 6WP8T4EX9F;
				ENABLE_HARDENED_RUNTIME = YES;
				ENABLE_PREVIEWS = YES;
				GENERATE_INFOPLIST_FILE = YES;
				INFOPLIST_FILE = Mac/Info.plist;
				INFOPLIST_KEY_CFBundleDisplayName = RestYourEyes;
				INFOPLIST_KEY_LSBackgroundOnly = YES;
				INFOPLIST_KEY_LSUIElement = YES;
				INFOPLIST_KEY_NSHumanReadableCopyright = "";
				LD_RUNPATH_SEARCH_PATHS = (
					"$(inherited)",
					"@executable_path/../Frameworks",
				);
				MACOSX_DEPLOYMENT_TARGET = 13.0;
				MARKETING_VERSION = 1.0;
				PRODUCT_BUNDLE_IDENTIFIER = con.hu.Mac;
				PRODUCT_NAME = "$(TARGET_NAME)";
				SWIFT_EMIT_LOC_STRINGS = YES;
				SWIFT_VERSION = 5.0;
			};
			name = Debug;
		};
		8C26006C2C11C7C600AF1FE9 /* Release */ = {
			isa = XCBuildConfiguration;
			buildSettings = {
				ASSETCATALOG_COMPILER_APPICON_NAME = AppIcon;
				ASSETCATALOG_COMPILER_GLOBAL_ACCENT_COLOR_NAME = AccentColor;
				CODE_SIGN_ENTITLEMENTS = Mac/Mac.entitlements;
				CODE_SIGN_STYLE = Automatic;
				COMBINE_HIDPI_IMAGES = YES;
				CURRENT_PROJECT_VERSION = 1;
				DEVELOPMENT_ASSET_PATHS = "\"Mac/Preview Content\"";
				DEVELOPMENT_TEAM = 6WP8T4EX9F;
				ENABLE_HARDENED_RUNTIME = YES;
				ENABLE_PREVIEWS = YES;
				GENERATE_INFOPLIST_FILE = YES;
				INFOPLIST_FILE = Mac/Info.plist;
				INFOPLIST_KEY_CFBundleDisplayName = RestYourEyes;
				INFOPLIST_KEY_LSBackgroundOnly = YES;
				INFOPLIST_KEY_LSUIElement = YES;
				INFOPLIST_KEY_NSHumanReadableCopyright = "";
				LD_RUNPATH_SEARCH_PATHS = (
					"$(inherited)",
					"@executable_path/../Frameworks",
				);
				MACOSX_DEPLOYMENT_TARGET = 13.0;
				MARKETING_VERSION = 1.0;
				PRODUCT_BUNDLE_IDENTIFIER = con.hu.Mac;
				PRODUCT_NAME = "$(TARGET_NAME)";
				SWIFT_EMIT_LOC_STRINGS = YES;
				SWIFT_VERSION = 5.0;
			};
			name = Release;
		};
/* End XCBuildConfiguration section */

/* Begin XCConfigurationList section */
		8C2600562C11C7C500AF1FE9 /* Build configuration list for PBXProject "Mac" */ = {
			isa = XCConfigurationList;
			buildConfigurations = (
				8C2600682C11C7C600AF1FE9 /* Debug */,
				8C2600692C11C7C600AF1FE9 /* Release */,
			);
			defaultConfigurationIsVisible = 0;
			defaultConfigurationName = Release;
		};
		8C26006A2C11C7C600AF1FE9 /* Build configuration list for PBXNativeTarget "Mac" */ = {
			isa = XCConfigurationList;
			buildConfigurations = (
				8C26006B2C11C7C600AF1FE9 /* Debug */,
				8C26006C2C11C7C600AF1FE9 /* Release */,
			);
			defaultConfigurationIsVisible = 0;
			defaultConfigurationName = Release;
		};
/* End XCConfigurationList section */

/* Begin XCRemoteSwiftPackageReference section */
		8C1F4FC52C3674BF00B19F72 /* XCRemoteSwiftPackageReference "Settings" */ = {
			isa = XCRemoteSwiftPackageReference;
			repositoryURL = "https://github.com/sindresorhus/Settings";
			requirement = {
				kind = upToNextMajorVersion;
				minimumVersion = 3.1.1;
			};
		};
/* End XCRemoteSwiftPackageReference section */

/* Begin XCSwiftPackageProductDependency section */
		8C1F4FC62C3674BF00B19F72 /* Settings */ = {
			isa = XCSwiftPackageProductDependency;
			package = 8C1F4FC52C3674BF00B19F72 /* XCRemoteSwiftPackageReference "Settings" */;
			productName = Settings;
		};
/* End XCSwiftPackageProductDependency section */
	};
	rootObject = 8C2600532C11C7C500AF1FE9 /* Project object */;
}
